
Microsoft Visual Studio Solution File, Format Version 12.00
# Visual Studio Version 17
VisualStudioVersion = 17.3.32901.215
MinimumVisualStudioVersion = 10.0.40219.1
Project("{FAE04EC0-301F-11D3-BF4B-00C04F79EFBC}") = "CSharp-(19.09.22)", "CSharp-(19.09.22)\CSharp-(19.09.22).csproj", "{B349B513-2F8B-4CF4-A2C7-618733D51A60}"
EndProject
Global
	GlobalSection(SolutionConfigurationPlatforms) = preSolution
		Debug|Any CPU = Debug|Any CPU
		Release|Any CPU = Release|Any CPU
	EndGlobalSection
	GlobalSection(ProjectConfigurationPlatforms) = postSolution
		{B349B513-2F8B-4CF4-A2C7-618733D51A60}.Debug|Any CPU.ActiveCfg = Debug|Any CPU
		{B349B513-2F8B-4CF4-A2C7-618733D51A60}.Debug|Any CPU.Build.0 = Debug|Any CPU
		{B349B513-2F8B-4CF4-A2C7-618733D51A60}.Release|Any CPU.ActiveCfg = Release|Any CPU
		{B349B513-2F8B-4CF4-A2C7-618733D51A60}.Release|Any CPU.Build.0 = Release|Any CPU
	EndGlobalSection
	GlobalSection(SolutionProperties) = preSolution
		HideSolutionNode = FALSE
	EndGlobalSection
	GlobalSection(ExtensibilityGlobals) = postSolution
		SolutionGuid = {726D7DB0-2741-49D6-8CF5-B64FE05B2E74}
	EndGlobalSection
EndGlobal
